
Microsoft Visual Studio Solution File, Format Version 12.00
# Visual Studio Version 17
VisualStudioVersion = 17.11.35219.272
MinimumVisualStudioVersion = 10.0.40219.1
Project("{FAE04EC0-301F-11D3-BF4B-00C04F79EFBC}") = "LINQ 03 Gruppierung und Mengenoperationen", "LINQ 03 Gruppierung und Mengenoperationen.csproj", "{9DD258EA-73A7-4C7B-8D67-C6252DADAD83}"
EndProject
Global
	GlobalSection(SolutionConfigurationPlatforms) = preSolution
		Debug|Any CPU = Debug|Any CPU
		Release|Any CPU = Release|Any CPU
	EndGlobalSection
	GlobalSection(ProjectConfigurationPlatforms) = postSolution
		{9DD258EA-73A7-4C7B-8D67-C6252DADAD83}.Debug|Any CPU.ActiveCfg = Debug|Any CPU
		{9DD258EA-73A7-4C7B-8D67-C6252DADAD83}.Debug|Any CPU.Build.0 = Debug|Any CPU
		{9DD258EA-73A7-4C7B-8D67-C6252DADAD83}.Release|Any CPU.ActiveCfg = Release|Any CPU
		{9DD258EA-73A7-4C7B-8D67-C6252DADAD83}.Release|Any CPU.Build.0 = Release|Any CPU
	EndGlobalSection
	GlobalSection(SolutionProperties) = preSolution
		HideSolutionNode = FALSE
	EndGlobalSection
	GlobalSection(ExtensibilityGlobals) = postSolution
		SolutionGuid = {D636CA13-E4C7-4229-ABE9-806213B17230}
	EndGlobalSection
EndGlobal
